// !$*UTF8*$!
{
	archiveVersion = 1;
	classes = {
	};
	objectVersion = 46;
	objects = {

/* Begin PBXBuildFile section */
		040B9FC51A6EEB3500A5C3F1 /* AppDelegate.swift in Sources */ = {isa = PBXBuildFile; fileRef = 040B9FC41A6EEB3500A5C3F1 /* AppDelegate.swift */; };
		040B9FC71A6EEB3500A5C3F1 /* ViewController.swift in Sources */ = {isa = PBXBuildFile; fileRef = 040B9FC61A6EEB3500A5C3F1 /* ViewController.swift */; };
		040B9FCA1A6EEB3500A5C3F1 /* Main.storyboard in Resources */ = {isa = PBXBuildFile; fileRef = 040B9FC81A6EEB3500A5C3F1 /* Main.storyboard */; };
		040B9FCC1A6EEB3500A5C3F1 /* Images.xcassets in Resources */ = {isa = PBXBuildFile; fileRef = 040B9FCB1A6EEB3500A5C3F1 /* Images.xcassets */; };
		040B9FCF1A6EEB3500A5C3F1 /* LaunchScreen.xib in Resources */ = {isa = PBXBuildFile; fileRef = 040B9FCD1A6EEB3500A5C3F1 /* LaunchScreen.xib */; };
		040B9FDB1A6EEB3500A5C3F1 /* SwiftChatTests.swift in Sources */ = {isa = PBXBuildFile; fileRef = 040B9FDA1A6EEB3500A5C3F1 /* SwiftChatTests.swift */; };
		040B9FEA1A6EEC2300A5C3F1 /* Bolts.framework in Frameworks */ = {isa = PBXBuildFile; fileRef = 040B9FE51A6EEC2300A5C3F1 /* Bolts.framework */; };
		040B9FEB1A6EEC2300A5C3F1 /* Parse.framework in Frameworks */ = {isa = PBXBuildFile; fileRef = 040B9FE61A6EEC2300A5C3F1 /* Parse.framework */; };
		040B9FEC1A6EEC2300A5C3F1 /* ParseCrashReporting.framework in Frameworks */ = {isa = PBXBuildFile; fileRef = 040B9FE71A6EEC2300A5C3F1 /* ParseCrashReporting.framework */; };
		040B9FED1A6EEC2300A5C3F1 /* ParseFacebookUtils.framework in Frameworks */ = {isa = PBXBuildFile; fileRef = 040B9FE81A6EEC2300A5C3F1 /* ParseFacebookUtils.framework */; };
		040B9FEE1A6EEC2300A5C3F1 /* ParseUI.framework in Frameworks */ = {isa = PBXBuildFile; fileRef = 040B9FE91A6EEC2300A5C3F1 /* ParseUI.framework */; };
		040B9FF01A6EEC9800A5C3F1 /* SystemConfiguration.framework in Frameworks */ = {isa = PBXBuildFile; fileRef = 040B9FEF1A6EEC9800A5C3F1 /* SystemConfiguration.framework */; };
		040B9FF21A6EECA300A5C3F1 /* StoreKit.framework in Frameworks */ = {isa = PBXBuildFile; fileRef = 040B9FF11A6EECA300A5C3F1 /* StoreKit.framework */; };
		040B9FF41A6EECAC00A5C3F1 /* Security.framework in Frameworks */ = {isa = PBXBuildFile; fileRef = 040B9FF31A6EECAC00A5C3F1 /* Security.framework */; };
		040B9FF61A6EECB700A5C3F1 /* QuartzCore.framework in Frameworks */ = {isa = PBXBuildFile; fileRef = 040B9FF51A6EECB700A5C3F1 /* QuartzCore.framework */; };
		040B9FF81A6EECC000A5C3F1 /* MobileCoreServices.framework in Frameworks */ = {isa = PBXBuildFile; fileRef = 040B9FF71A6EECC000A5C3F1 /* MobileCoreServices.framework */; };
		040B9FFA1A6EECCA00A5C3F1 /* CoreLocation.framework in Frameworks */ = {isa = PBXBuildFile; fileRef = 040B9FF91A6EECCA00A5C3F1 /* CoreLocation.framework */; };
		040B9FFC1A6EECD200A5C3F1 /* CoreGraphics.framework in Frameworks */ = {isa = PBXBuildFile; fileRef = 040B9FFB1A6EECD200A5C3F1 /* CoreGraphics.framework */; };
		040B9FFE1A6EECDB00A5C3F1 /* CFNetwork.framework in Frameworks */ = {isa = PBXBuildFile; fileRef = 040B9FFD1A6EECDB00A5C3F1 /* CFNetwork.framework */; };
		040BA0001A6EECE300A5C3F1 /* AudioToolbox.framework in Frameworks */ = {isa = PBXBuildFile; fileRef = 040B9FFF1A6EECE300A5C3F1 /* AudioToolbox.framework */; };
		040BA0021A6EECEB00A5C3F1 /* libz.dylib in Frameworks */ = {isa = PBXBuildFile; fileRef = 040BA0011A6EECEB00A5C3F1 /* libz.dylib */; };
		040BA0041A6EECFA00A5C3F1 /* libsqlite3.dylib in Frameworks */ = {isa = PBXBuildFile; fileRef = 040BA0031A6EECFA00A5C3F1 /* libsqlite3.dylib */; };
/* End PBXBuildFile section */

/* Begin PBXContainerItemProxy section */
		040B9FD51A6EEB3500A5C3F1 /* PBXContainerItemProxy */ = {
			isa = PBXContainerItemProxy;
			containerPortal = 040B9FB71A6EEB3500A5C3F1 /* Project object */;
			proxyType = 1;
			remoteGlobalIDString = 040B9FBE1A6EEB3500A5C3F1;
			remoteInfo = SwiftChat;
		};
/* End PBXContainerItemProxy section */

/* Begin PBXFileReference section */
		040B9FBF1A6EEB3500A5C3F1 /* SwiftChat.app */ = {isa = PBXFileReference; explicitFileType = wrapper.application; includeInIndex = 0; path = SwiftChat.app; sourceTree = BUILT_PRODUCTS_DIR; };
		040B9FC31A6EEB3500A5C3F1 /* Info.plist */ = {isa = PBXFileReference; lastKnownFileType = text.plist.xml; path = Info.plist; sourceTree = "<group>"; };
		040B9FC41A6EEB3500A5C3F1 /* AppDelegate.swift */ = {isa = PBXFileReference; lastKnownFileType = sourcecode.swift; path = AppDelegate.swift; sourceTree = "<group>"; };
		040B9FC61A6EEB3500A5C3F1 /* ViewController.swift */ = {isa = PBXFileReference; lastKnownFileType = sourcecode.swift; path = ViewController.swift; sourceTree = "<group>"; };
		040B9FC91A6EEB3500A5C3F1 /* Base */ = {isa = PBXFileReference; lastKnownFileType = file.storyboard; name = Base; path = Base.lproj/Main.storyboard; sourceTree = "<group>"; };
		040B9FCB1A6EEB3500A5C3F1 /* Images.xcassets */ = {isa = PBXFileReference; lastKnownFileType = folder.assetcatalog; path = Images.xcassets; sourceTree = "<group>"; };
		040B9FCE1A6EEB3500A5C3F1 /* Base */ = {isa = PBXFileReference; lastKnownFileType = file.xib; name = Base; path = Base.lproj/LaunchScreen.xib; sourceTree = "<group>"; };
		040B9FD41A6EEB3500A5C3F1 /* SwiftChatTests.xctest */ = {isa = PBXFileReference; explicitFileType = wrapper.cfbundle; includeInIndex = 0; path = SwiftChatTests.xctest; sourceTree = BUILT_PRODUCTS_DIR; };
		040B9FD91A6EEB3500A5C3F1 /* Info.plist */ = {isa = PBXFileReference; lastKnownFileType = text.plist.xml; path = Info.plist; sourceTree = "<group>"; };
		040B9FDA1A6EEB3500A5C3F1 /* SwiftChatTests.swift */ = {isa = PBXFileReference; lastKnownFileType = sourcecode.swift; path = SwiftChatTests.swift; sourceTree = "<group>"; };
		040B9FE51A6EEC2300A5C3F1 /* Bolts.framework */ = {isa = PBXFileReference; lastKnownFileType = wrapper.framework; path = Bolts.framework; sourceTree = "<group>"; };
		040B9FE61A6EEC2300A5C3F1 /* Parse.framework */ = {isa = PBXFileReference; lastKnownFileType = wrapper.framework; path = Parse.framework; sourceTree = "<group>"; };
		040B9FE71A6EEC2300A5C3F1 /* ParseCrashReporting.framework */ = {isa = PBXFileReference; lastKnownFileType = wrapper.framework; path = ParseCrashReporting.framework; sourceTree = "<group>"; };
		040B9FE81A6EEC2300A5C3F1 /* ParseFacebookUtils.framework */ = {isa = PBXFileReference; lastKnownFileType = wrapper.framework; path = ParseFacebookUtils.framework; sourceTree = "<group>"; };
		040B9FE91A6EEC2300A5C3F1 /* ParseUI.framework */ = {isa = PBXFileReference; lastKnownFileType = wrapper.framework; path = ParseUI.framework; sourceTree = "<group>"; };
		040B9FEF1A6EEC9800A5C3F1 /* SystemConfiguration.framework */ = {isa = PBXFileReference; lastKnownFileType = wrapper.framework; name = SystemConfiguration.framework; path = System/Library/Frameworks/SystemConfiguration.framework; sourceTree = SDKROOT; };
		040B9FF11A6EECA300A5C3F1 /* StoreKit.framework */ = {isa = PBXFileReference; lastKnownFileType = wrapper.framework; name = StoreKit.framework; path = System/Library/Frameworks/StoreKit.framework; sourceTree = SDKROOT; };
		040B9FF31A6EECAC00A5C3F1 /* Security.framework */ = {isa = PBXFileReference; lastKnownFileType = wrapper.framework; name = Security.framework; path = System/Library/Frameworks/Security.framework; sourceTree = SDKROOT; };
		040B9FF51A6EECB700A5C3F1 /* QuartzCore.framework */ = {isa = PBXFileReference; lastKnownFileType = wrapper.framework; name = QuartzCore.framework; path = System/Library/Frameworks/QuartzCore.framework; sourceTree = SDKROOT; };
		040B9FF71A6EECC000A5C3F1 /* MobileCoreServices.framework */ = {isa = PBXFileReference; lastKnownFileType = wrapper.framework; name = MobileCoreServices.framework; path = System/Library/Frameworks/MobileCoreServices.framework; sourceTree = SDKROOT; };
		040B9FF91A6EECCA00A5C3F1 /* CoreLocation.framework */ = {isa = PBXFileReference; lastKnownFileType = wrapper.framework; name = CoreLocation.framework; path = System/Library/Frameworks/CoreLocation.framework; sourceTree = SDKROOT; };
		040B9FFB1A6EECD200A5C3F1 /* CoreGraphics.framework */ = {isa = PBXFileReference; lastKnownFileType = wrapper.framework; name = CoreGraphics.framework; path = System/Library/Frameworks/CoreGraphics.framework; sourceTree = SDKROOT; };
		040B9FFD1A6EECDB00A5C3F1 /* CFNetwork.framework */ = {isa = PBXFileReference; lastKnownFileType = wrapper.framework; name = CFNetwork.framework; path = System/Library/Frameworks/CFNetwork.framework; sourceTree = SDKROOT; };
		040B9FFF1A6EECE300A5C3F1 /* AudioToolbox.framework */ = {isa = PBXFileReference; lastKnownFileType = wrapper.framework; name = AudioToolbox.framework; path = System/Library/Frameworks/AudioToolbox.framework; sourceTree = SDKROOT; };
		040BA0011A6EECEB00A5C3F1 /* libz.dylib */ = {isa = PBXFileReference; lastKnownFileType = "compiled.mach-o.dylib"; name = libz.dylib; path = usr/lib/libz.dylib; sourceTree = SDKROOT; };
		040BA0031A6EECFA00A5C3F1 /* libsqlite3.dylib */ = {isa = PBXFileReference; lastKnownFileType = "compiled.mach-o.dylib"; name = libsqlite3.dylib; path = usr/lib/libsqlite3.dylib; sourceTree = SDKROOT; };
		040BA0061A6EED8F00A5C3F1 /* SwiftChat-Bridging-Header.h */ = {isa = PBXFileReference; lastKnownFileType = sourcecode.c.h; path = "SwiftChat-Bridging-Header.h"; sourceTree = "<group>"; };
/* End PBXFileReference section */

/* Begin PBXFrameworksBuildPhase section */
		040B9FBC1A6EEB3500A5C3F1 /* Frameworks */ = {
			isa = PBXFrameworksBuildPhase;
			buildActionMask = 2147483647;
			files = (
				040BA0041A6EECFA00A5C3F1 /* libsqlite3.dylib in Frameworks */,
				040BA0021A6EECEB00A5C3F1 /* libz.dylib in Frameworks */,
				040BA0001A6EECE300A5C3F1 /* AudioToolbox.framework in Frameworks */,
				040B9FFE1A6EECDB00A5C3F1 /* CFNetwork.framework in Frameworks */,
				040B9FFC1A6EECD200A5C3F1 /* CoreGraphics.framework in Frameworks */,
				040B9FFA1A6EECCA00A5C3F1 /* CoreLocation.framework in Frameworks */,
				040B9FF81A6EECC000A5C3F1 /* MobileCoreServices.framework in Frameworks */,
				040B9FF61A6EECB700A5C3F1 /* QuartzCore.framework in Frameworks */,
				040B9FF41A6EECAC00A5C3F1 /* Security.framework in Frameworks */,
				040B9FF21A6EECA300A5C3F1 /* StoreKit.framework in Frameworks */,
				040B9FF01A6EEC9800A5C3F1 /* SystemConfiguration.framework in Frameworks */,
				040B9FEB1A6EEC2300A5C3F1 /* Parse.framework in Frameworks */,
				040B9FEC1A6EEC2300A5C3F1 /* ParseCrashReporting.framework in Frameworks */,
				040B9FEE1A6EEC2300A5C3F1 /* ParseUI.framework in Frameworks */,
				040B9FED1A6EEC2300A5C3F1 /* ParseFacebookUtils.framework in Frameworks */,
				040B9FEA1A6EEC2300A5C3F1 /* Bolts.framework in Frameworks */,
			);
			runOnlyForDeploymentPostprocessing = 0;
		};
		040B9FD11A6EEB3500A5C3F1 /* Frameworks */ = {
			isa = PBXFrameworksBuildPhase;
			buildActionMask = 2147483647;
			files = (
			);
			runOnlyForDeploymentPostprocessing = 0;
		};
/* End PBXFrameworksBuildPhase section */

/* Begin PBXGroup section */
		040B9FB61A6EEB3500A5C3F1 = {
			isa = PBXGroup;
			children = (
				040B9FC11A6EEB3500A5C3F1 /* SwiftChat */,
				040BA0061A6EED8F00A5C3F1 /* SwiftChat-Bridging-Header.h */,
				040B9FE41A6EEC2300A5C3F1 /* parse-library-1.6.1 */,
				040BA0051A6EECFE00A5C3F1 /* Frameworks */,
				040B9FD71A6EEB3500A5C3F1 /* SwiftChatTests */,
				040B9FC01A6EEB3500A5C3F1 /* Products */,
			);
			sourceTree = "<group>";
		};
		040B9FC01A6EEB3500A5C3F1 /* Products */ = {
			isa = PBXGroup;
			children = (
				040B9FBF1A6EEB3500A5C3F1 /* SwiftChat.app */,
				040B9FD41A6EEB3500A5C3F1 /* SwiftChatTests.xctest */,
			);
			name = Products;
			sourceTree = "<group>";
		};
		040B9FC11A6EEB3500A5C3F1 /* SwiftChat */ = {
			isa = PBXGroup;
			children = (
				040B9FC41A6EEB3500A5C3F1 /* AppDelegate.swift */,
				040B9FC61A6EEB3500A5C3F1 /* ViewController.swift */,
				040B9FC81A6EEB3500A5C3F1 /* Main.storyboard */,
				040B9FCB1A6EEB3500A5C3F1 /* Images.xcassets */,
				040B9FCD1A6EEB3500A5C3F1 /* LaunchScreen.xib */,
				040B9FC21A6EEB3500A5C3F1 /* Supporting Files */,
			);
			path = SwiftChat;
			sourceTree = "<group>";
		};
		040B9FC21A6EEB3500A5C3F1 /* Supporting Files */ = {
			isa = PBXGroup;
			children = (
				040B9FC31A6EEB3500A5C3F1 /* Info.plist */,
			);
			name = "Supporting Files";
			sourceTree = "<group>";
		};
		040B9FD71A6EEB3500A5C3F1 /* SwiftChatTests */ = {
			isa = PBXGroup;
			children = (
				040B9FDA1A6EEB3500A5C3F1 /* SwiftChatTests.swift */,
				040B9FD81A6EEB3500A5C3F1 /* Supporting Files */,
			);
			path = SwiftChatTests;
			sourceTree = "<group>";
		};
		040B9FD81A6EEB3500A5C3F1 /* Supporting Files */ = {
			isa = PBXGroup;
			children = (
				040B9FD91A6EEB3500A5C3F1 /* Info.plist */,
			);
			name = "Supporting Files";
			sourceTree = "<group>";
		};
		040B9FE41A6EEC2300A5C3F1 /* parse-library-1.6.1 */ = {
			isa = PBXGroup;
			children = (
				040B9FE51A6EEC2300A5C3F1 /* Bolts.framework */,
				040B9FE61A6EEC2300A5C3F1 /* Parse.framework */,
				040B9FE71A6EEC2300A5C3F1 /* ParseCrashReporting.framework */,
				040B9FE81A6EEC2300A5C3F1 /* ParseFacebookUtils.framework */,
				040B9FE91A6EEC2300A5C3F1 /* ParseUI.framework */,
			);
			path = "parse-library-1.6.1";
			sourceTree = "<group>";
		};
		040BA0051A6EECFE00A5C3F1 /* Frameworks */ = {
			isa = PBXGroup;
			children = (
				040BA0031A6EECFA00A5C3F1 /* libsqlite3.dylib */,
				040BA0011A6EECEB00A5C3F1 /* libz.dylib */,
				040B9FFF1A6EECE300A5C3F1 /* AudioToolbox.framework */,
				040B9FFD1A6EECDB00A5C3F1 /* CFNetwork.framework */,
				040B9FFB1A6EECD200A5C3F1 /* CoreGraphics.framework */,
				040B9FF91A6EECCA00A5C3F1 /* CoreLocation.framework */,
				040B9FF71A6EECC000A5C3F1 /* MobileCoreServices.framework */,
				040B9FF51A6EECB700A5C3F1 /* QuartzCore.framework */,
				040B9FF31A6EECAC00A5C3F1 /* Security.framework */,
				040B9FF11A6EECA300A5C3F1 /* StoreKit.framework */,
				040B9FEF1A6EEC9800A5C3F1 /* SystemConfiguration.framework */,
			);
			name = Frameworks;
			sourceTree = "<group>";
		};
/* End PBXGroup section */

/* Begin PBXNativeTarget section */
		040B9FBE1A6EEB3500A5C3F1 /* SwiftChat */ = {
			isa = PBXNativeTarget;
			buildConfigurationList = 040B9FDE1A6EEB3500A5C3F1 /* Build configuration list for PBXNativeTarget "SwiftChat" */;
			buildPhases = (
				040B9FBB1A6EEB3500A5C3F1 /* Sources */,
				040B9FBC1A6EEB3500A5C3F1 /* Frameworks */,
				040B9FBD1A6EEB3500A5C3F1 /* Resources */,
			);
			buildRules = (
			);
			dependencies = (
			);
			name = SwiftChat;
			productName = SwiftChat;
			productReference = 040B9FBF1A6EEB3500A5C3F1 /* SwiftChat.app */;
			productType = "com.apple.product-type.application";
		};
		040B9FD31A6EEB3500A5C3F1 /* SwiftChatTests */ = {
			isa = PBXNativeTarget;
			buildConfigurationList = 040B9FE11A6EEB3500A5C3F1 /* Build configuration list for PBXNativeTarget "SwiftChatTests" */;
			buildPhases = (
				040B9FD01A6EEB3500A5C3F1 /* Sources */,
				040B9FD11A6EEB3500A5C3F1 /* Frameworks */,
				040B9FD21A6EEB3500A5C3F1 /* Resources */,
			);
			buildRules = (
			);
			dependencies = (
				040B9FD61A6EEB3500A5C3F1 /* PBXTargetDependency */,
			);
			name = SwiftChatTests;
			productName = SwiftChatTests;
			productReference = 040B9FD41A6EEB3500A5C3F1 /* SwiftChatTests.xctest */;
			productType = "com.apple.product-type.bundle.unit-test";
		};
/* End PBXNativeTarget section */

/* Begin PBXProject section */
		040B9FB71A6EEB3500A5C3F1 /* Project object */ = {
			isa = PBXProject;
			attributes = {
				LastUpgradeCheck = 0610;
				ORGANIZATIONNAME = MEB;
				TargetAttributes = {
					040B9FBE1A6EEB3500A5C3F1 = {
						CreatedOnToolsVersion = 6.1.1;
					};
					040B9FD31A6EEB3500A5C3F1 = {
						CreatedOnToolsVersion = 6.1.1;
						TestTargetID = 040B9FBE1A6EEB3500A5C3F1;
					};
				};
			};
			buildConfigurationList = 040B9FBA1A6EEB3500A5C3F1 /* Build configuration list for PBXProject "SwiftChat" */;
			compatibilityVersion = "Xcode 3.2";
			developmentRegion = English;
			hasScannedForEncodings = 0;
			knownRegions = (
				en,
				Base,
			);
			mainGroup = 040B9FB61A6EEB3500A5C3F1;
			productRefGroup = 040B9FC01A6EEB3500A5C3F1 /* Products */;
			projectDirPath = "";
			projectRoot = "";
			targets = (
				040B9FBE1A6EEB3500A5C3F1 /* SwiftChat */,
				040B9FD31A6EEB3500A5C3F1 /* SwiftChatTests */,
			);
		};
/* End PBXProject section */

/* Begin PBXResourcesBuildPhase section */
		040B9FBD1A6EEB3500A5C3F1 /* Resources */ = {
			isa = PBXResourcesBuildPhase;
			buildActionMask = 2147483647;
			files = (
				040B9FCA1A6EEB3500A5C3F1 /* Main.storyboard in Resources */,
				040B9FCF1A6EEB3500A5C3F1 /* LaunchScreen.xib in Resources */,
				040B9FCC1A6EEB3500A5C3F1 /* Images.xcassets in Resources */,
			);
			runOnlyForDeploymentPostprocessing = 0;
		};
		040B9FD21A6EEB3500A5C3F1 /* Resources */ = {
			isa = PBXResourcesBuildPhase;
			buildActionMask = 2147483647;
			files = (
			);
			runOnlyForDeploymentPostprocessing = 0;
		};
/* End PBXResourcesBuildPhase section */

/* Begin PBXSourcesBuildPhase section */
		040B9FBB1A6EEB3500A5C3F1 /* Sources */ = {
			isa = PBXSourcesBuildPhase;
			buildActionMask = 2147483647;
			files = (
				040B9FC71A6EEB3500A5C3F1 /* ViewController.swift in Sources */,
				040B9FC51A6EEB3500A5C3F1 /* AppDelegate.swift in Sources */,
			);
			runOnlyForDeploymentPostprocessing = 0;
		};
		040B9FD01A6EEB3500A5C3F1 /* Sources */ = {
			isa = PBXSourcesBuildPhase;
			buildActionMask = 2147483647;
			files = (
				040B9FDB1A6EEB3500A5C3F1 /* SwiftChatTests.swift in Sources */,
			);
			runOnlyForDeploymentPostprocessing = 0;
		};
/* End PBXSourcesBuildPhase section */

/* Begin PBXTargetDependency section */
		040B9FD61A6EEB3500A5C3F1 /* PBXTargetDependency */ = {
			isa = PBXTargetDependency;
			target = 040B9FBE1A6EEB3500A5C3F1 /* SwiftChat */;
			targetProxy = 040B9FD51A6EEB3500A5C3F1 /* PBXContainerItemProxy */;
		};
/* End PBXTargetDependency section */

/* Begin PBXVariantGroup section */
		040B9FC81A6EEB3500A5C3F1 /* Main.storyboard */ = {
			isa = PBXVariantGroup;
			children = (
				040B9FC91A6EEB3500A5C3F1 /* Base */,
			);
			name = Main.storyboard;
			sourceTree = "<group>";
		};
		040B9FCD1A6EEB3500A5C3F1 /* LaunchScreen.xib */ = {
			isa = PBXVariantGroup;
			children = (
				040B9FCE1A6EEB3500A5C3F1 /* Base */,
			);
			name = LaunchScreen.xib;
			sourceTree = "<group>";
		};
/* End PBXVariantGroup section */

/* Begin XCBuildConfiguration section */
		040B9FDC1A6EEB3500A5C3F1 /* Debug */ = {
			isa = XCBuildConfiguration;
			buildSettings = {
				ALWAYS_SEARCH_USER_PATHS = NO;
				CLANG_CXX_LANGUAGE_STANDARD = "gnu++0x";
				CLANG_CXX_LIBRARY = "libc++";
				CLANG_ENABLE_MODULES = YES;
				CLANG_ENABLE_OBJC_ARC = YES;
				CLANG_WARN_BOOL_CONVERSION = YES;
				CLANG_WARN_CONSTANT_CONVERSION = YES;
				CLANG_WARN_DIRECT_OBJC_ISA_USAGE = YES_ERROR;
				CLANG_WARN_EMPTY_BODY = YES;
				CLANG_WARN_ENUM_CONVERSION = YES;
				CLANG_WARN_INT_CONVERSION = YES;
				CLANG_WARN_OBJC_ROOT_CLASS = YES_ERROR;
				CLANG_WARN_UNREACHABLE_CODE = YES;
				CLANG_WARN__DUPLICATE_METHOD_MATCH = YES;
				"CODE_SIGN_IDENTITY[sdk=iphoneos*]" = "iPhone Developer";
				COPY_PHASE_STRIP = NO;
				ENABLE_STRICT_OBJC_MSGSEND = YES;
				GCC_C_LANGUAGE_STANDARD = gnu99;
				GCC_DYNAMIC_NO_PIC = NO;
				GCC_OPTIMIZATION_LEVEL = 0;
				GCC_PREPROCESSOR_DEFINITIONS = (
					"DEBUG=1",
					"$(inherited)",
				);
				GCC_SYMBOLS_PRIVATE_EXTERN = NO;
				GCC_WARN_64_TO_32_BIT_CONVERSION = YES;
				GCC_WARN_ABOUT_RETURN_TYPE = YES_ERROR;
				GCC_WARN_UNDECLARED_SELECTOR = YES;
				GCC_WARN_UNINITIALIZED_AUTOS = YES_AGGRESSIVE;
				GCC_WARN_UNUSED_FUNCTION = YES;
				GCC_WARN_UNUSED_VARIABLE = YES;
				IPHONEOS_DEPLOYMENT_TARGET = 8.1;
				MTL_ENABLE_DEBUG_INFO = YES;
				ONLY_ACTIVE_ARCH = YES;
				SDKROOT = iphoneos;
				SWIFT_OPTIMIZATION_LEVEL = "-Onone";
			};
			name = Debug;
		};
		040B9FDD1A6EEB3500A5C3F1 /* Release */ = {
			isa = XCBuildConfiguration;
			buildSettings = {
				ALWAYS_SEARCH_USER_PATHS = NO;
				CLANG_CXX_LANGUAGE_STANDARD = "gnu++0x";
				CLANG_CXX_LIBRARY = "libc++";
				CLANG_ENABLE_MODULES = YES;
				CLANG_ENABLE_OBJC_ARC = YES;
				CLANG_WARN_BOOL_CONVERSION = YES;
				CLANG_WARN_CONSTANT_CONVERSION = YES;
				CLANG_WARN_DIRECT_OBJC_ISA_USAGE = YES_ERROR;
				CLANG_WARN_EMPTY_BODY = YES;
				CLANG_WARN_ENUM_CONVERSION = YES;
				CLANG_WARN_INT_CONVERSION = YES;
				CLANG_WARN_OBJC_ROOT_CLASS = YES_ERROR;
				CLANG_WARN_UNREACHABLE_CODE = YES;
				CLANG_WARN__DUPLICATE_METHOD_MATCH = YES;
				"CODE_SIGN_IDENTITY[sdk=iphoneos*]" = "iPhone Developer";
				COPY_PHASE_STRIP = YES;
				ENABLE_NS_ASSERTIONS = NO;
				ENABLE_STRICT_OBJC_MSGSEND = YES;
				GCC_C_LANGUAGE_STANDARD = gnu99;
				GCC_WARN_64_TO_32_BIT_CONVERSION = YES;
				GCC_WARN_ABOUT_RETURN_TYPE = YES_ERROR;
				GCC_WARN_UNDECLARED_SELECTOR = YES;
				GCC_WARN_UNINITIALIZED_AUTOS = YES_AGGRESSIVE;
				GCC_WARN_UNUSED_FUNCTION = YES;
				GCC_WARN_UNUSED_VARIABLE = YES;
				IPHONEOS_DEPLOYMENT_TARGET = 8.1;
				MTL_ENABLE_DEBUG_INFO = NO;
				SDKROOT = iphoneos;
				VALIDATE_PRODUCT = YES;
			};
			name = Release;
		};
		040B9FDF1A6EEB3500A5C3F1 /* Debug */ = {
			isa = XCBuildConfiguration;
			buildSettings = {
				ASSETCATALOG_COMPILER_APPICON_NAME = AppIcon;
				CLANG_ENABLE_MODULES = YES;
				FRAMEWORK_SEARCH_PATHS = (
					"$(inherited)",
					"$(PROJECT_DIR)/parse-library-1.6.1",
				);
				INFOPLIST_FILE = SwiftChat/Info.plist;
				LD_RUNPATH_SEARCH_PATHS = "$(inherited) @executable_path/Frameworks";
				PRODUCT_NAME = "$(TARGET_NAME)";
				SWIFT_OBJC_BRIDGING_HEADER = "SwiftChat-Bridging-Header.h";
				SWIFT_OPTIMIZATION_LEVEL = "-Onone";
			};
			name = Debug;
		};
		040B9FE01A6EEB3500A5C3F1 /* Release */ = {
			isa = XCBuildConfiguration;
			buildSettings = {
				ASSETCATALOG_COMPILER_APPICON_NAME = AppIcon;
				CLANG_ENABLE_MODULES = YES;
				FRAMEWORK_SEARCH_PATHS = (
					"$(inherited)",
					"$(PROJECT_DIR)/parse-library-1.6.1",
				);
				INFOPLIST_FILE = SwiftChat/Info.plist;
				LD_RUNPATH_SEARCH_PATHS = "$(inherited) @executable_path/Frameworks";
				PRODUCT_NAME = "$(TARGET_NAME)";
				SWIFT_OBJC_BRIDGING_HEADER = "SwiftChat-Bridging-Header.h";
			};
			name = Release;
		};
		040B9FE21A6EEB3500A5C3F1 /* Debug */ = {
			isa = XCBuildConfiguration;
			buildSettings = {
				BUNDLE_LOADER = "$(TEST_HOST)";
				FRAMEWORK_SEARCH_PATHS = (
					"$(SDKROOT)/Developer/Library/Frameworks",
					"$(inherited)",
				);
				GCC_PREPROCESSOR_DEFINITIONS = (
					"DEBUG=1",
					"$(inherited)",
				);
				INFOPLIST_FILE = SwiftChatTests/Info.plist;
				LD_RUNPATH_SEARCH_PATHS = "$(inherited) @executable_path/Frameworks @loader_path/Frameworks";
				PRODUCT_NAME = "$(TARGET_NAME)";
				TEST_HOST = "$(BUILT_PRODUCTS_DIR)/SwiftChat.app/SwiftChat";
			};
			name = Debug;
		};
		040B9FE31A6EEB3500A5C3F1 /* Release */ = {
			isa = XCBuildConfiguration;
			buildSettings = {
				BUNDLE_LOADER = "$(TEST_HOST)";
				FRAMEWORK_SEARCH_PATHS = (
					"$(SDKROOT)/Developer/Library/Frameworks",
					"$(inherited)",
				);
				INFOPLIST_FILE = SwiftChatTests/Info.plist;
				LD_RUNPATH_SEARCH_PATHS = "$(inherited) @executable_path/Frameworks @loader_path/Frameworks";
				PRODUCT_NAME = "$(TARGET_NAME)";
				TEST_HOST = "$(BUILT_PRODUCTS_DIR)/SwiftChat.app/SwiftChat";
			};
			name = Release;
		};
/* End XCBuildConfiguration section */

/* Begin XCConfigurationList section */
		040B9FBA1A6EEB3500A5C3F1 /* Build configuration list for PBXProject "SwiftChat" */ = {
			isa = XCConfigurationList;
			buildConfigurations = (
				040B9FDC1A6EEB3500A5C3F1 /* Debug */,
				040B9FDD1A6EEB3500A5C3F1 /* Release */,
			);
			defaultConfigurationIsVisible = 0;
			defaultConfigurationName = Release;
		};
		040B9FDE1A6EEB3500A5C3F1 /* Build configuration list for PBXNativeTarget "SwiftChat" */ = {
			isa = XCConfigurationList;
			buildConfigurations = (
				040B9FDF1A6EEB3500A5C3F1 /* Debug */,
				040B9FE01A6EEB3500A5C3F1 /* Release */,
			);
			defaultConfigurationIsVisible = 0;
		};
		040B9FE11A6EEB3500A5C3F1 /* Build configuration list for PBXNativeTarget "SwiftChatTests" */ = {
			isa = XCConfigurationList;
			buildConfigurations = (
				040B9FE21A6EEB3500A5C3F1 /* Debug */,
				040B9FE31A6EEB3500A5C3F1 /* Release */,
			);
			defaultConfigurationIsVisible = 0;
		};
/* End XCConfigurationList section */
	};
	rootObject = 040B9FB71A6EEB3500A5C3F1 /* Project object */;
}
